// !$*UTF8*$!
{
	archiveVersion = 1;
	classes = {
	};
	objectVersion = 56;
	objects = {

/* Begin PBXBuildFile section */
		1803F5372C451961005B5FDE /* Settings.swift in Sources */ = {isa = PBXBuildFile; fileRef = 1803F5362C451961005B5FDE /* Settings.swift */; };
		180F455E2C38240800102D48 /* TabBar.swift in Sources */ = {isa = PBXBuildFile; fileRef = 180F455D2C38240800102D48 /* TabBar.swift */; };
		180F45602C38241000102D48 /* AboutUsVC.swift in Sources */ = {isa = PBXBuildFile; fileRef = 180F455F2C38241000102D48 /* AboutUsVC.swift */; };
		180F45622C38241500102D48 /* AboutUsView.swift in Sources */ = {isa = PBXBuildFile; fileRef = 180F45612C38241500102D48 /* AboutUsView.swift */; };
		180F45642C38241B00102D48 /* RatingVC.swift in Sources */ = {isa = PBXBuildFile; fileRef = 180F45632C38241B00102D48 /* RatingVC.swift */; };
		180F45662C38241F00102D48 /* RatingView.swift in Sources */ = {isa = PBXBuildFile; fileRef = 180F45652C38241F00102D48 /* RatingView.swift */; };
		180F45682C38243C00102D48 /* HomeVC.swift in Sources */ = {isa = PBXBuildFile; fileRef = 180F45672C38243C00102D48 /* HomeVC.swift */; };
		180F456A2C38244000102D48 /* HomeView.swift in Sources */ = {isa = PBXBuildFile; fileRef = 180F45692C38244000102D48 /* HomeView.swift */; };
		180F456C2C38244D00102D48 /* BonusVC.swift in Sources */ = {isa = PBXBuildFile; fileRef = 180F456B2C38244D00102D48 /* BonusVC.swift */; };
		180F456E2C38245000102D48 /* BonusView.swift in Sources */ = {isa = PBXBuildFile; fileRef = 180F456D2C38245000102D48 /* BonusView.swift */; };
		180F45702C38245600102D48 /* ProfileVC.swift in Sources */ = {isa = PBXBuildFile; fileRef = 180F456F2C38245600102D48 /* ProfileVC.swift */; };
		180F45722C38245B00102D48 /* ProfileView.swift in Sources */ = {isa = PBXBuildFile; fileRef = 180F45712C38245B00102D48 /* ProfileView.swift */; };
		180F45742C3825D100102D48 /* JotiOne-Regular.ttf in Resources */ = {isa = PBXBuildFile; fileRef = 180F45732C3825D100102D48 /* JotiOne-Regular.ttf */; };
		180F45762C3825FA00102D48 /* Inter-Regular.ttf in Resources */ = {isa = PBXBuildFile; fileRef = 180F45752C3825FA00102D48 /* Inter-Regular.ttf */; };
		180F45782C38260200102D48 /* Inter-Bold.ttf in Resources */ = {isa = PBXBuildFile; fileRef = 180F45772C38260200102D48 /* Inter-Bold.ttf */; };
		180F457C2C3831D100102D48 /* HomeQuizVC.swift in Sources */ = {isa = PBXBuildFile; fileRef = 180F457B2C3831D100102D48 /* HomeQuizVC.swift */; };
		180F457E2C3831D500102D48 /* HomeQuizView.swift in Sources */ = {isa = PBXBuildFile; fileRef = 180F457D2C3831D500102D48 /* HomeQuizView.swift */; };
		180F45802C3831F200102D48 /* TigerModel.swift in Sources */ = {isa = PBXBuildFile; fileRef = 180F457F2C3831F200102D48 /* TigerModel.swift */; };
		1811732C2C36E074009A90A2 /* AppDelegate.swift in Sources */ = {isa = PBXBuildFile; fileRef = 1811732B2C36E074009A90A2 /* AppDelegate.swift */; };
		1811732E2C36E074009A90A2 /* SceneDelegate.swift in Sources */ = {isa = PBXBuildFile; fileRef = 1811732D2C36E074009A90A2 /* SceneDelegate.swift */; };
		181173352C36E076009A90A2 /* Assets.xcassets in Resources */ = {isa = PBXBuildFile; fileRef = 181173342C36E076009A90A2 /* Assets.xcassets */; };
		181173382C36E076009A90A2 /* Base in Resources */ = {isa = PBXBuildFile; fileRef = 181173372C36E076009A90A2 /* Base */; };
		1811734B2C36ED3C009A90A2 /* SnapKit in Frameworks */ = {isa = PBXBuildFile; productRef = 1811734A2C36ED3C009A90A2 /* SnapKit */; };
		1811734D2C36EDB0009A90A2 /* LoadingVC.swift in Sources */ = {isa = PBXBuildFile; fileRef = 1811734C2C36EDB0009A90A2 /* LoadingVC.swift */; };
		181173512C36EE05009A90A2 /* Extension + View.swift in Sources */ = {isa = PBXBuildFile; fileRef = 181173502C36EE05009A90A2 /* Extension + View.swift */; };
		181173532C36EE0F009A90A2 /* Double + Extension.swift in Sources */ = {isa = PBXBuildFile; fileRef = 181173522C36EE0F009A90A2 /* Double + Extension.swift */; };
		181173552C36EE18009A90A2 /* Font + Extension.swift in Sources */ = {isa = PBXBuildFile; fileRef = 181173542C36EE18009A90A2 /* Font + Extension.swift */; };
		181173572C36EE2E009A90A2 /* UserDef.swift in Sources */ = {isa = PBXBuildFile; fileRef = 181173562C36EE2E009A90A2 /* UserDef.swift */; };
		181173592C36EE65009A90A2 /* LoadingScreen.swift in Sources */ = {isa = PBXBuildFile; fileRef = 181173582C36EE65009A90A2 /* LoadingScreen.swift */; };
		1811735B2C36EE76009A90A2 /* LoadingScreenViewModel.swift in Sources */ = {isa = PBXBuildFile; fileRef = 1811735A2C36EE76009A90A2 /* LoadingScreenViewModel.swift */; };
		1811735D2C36EE84009A90A2 /* ProgressBarView.swift in Sources */ = {isa = PBXBuildFile; fileRef = 1811735C2C36EE84009A90A2 /* ProgressBarView.swift */; };
		182565812C3C07B7005C982B /* HomeCell.swift in Sources */ = {isa = PBXBuildFile; fileRef = 182565802C3C07B7005C982B /* HomeCell.swift */; };
		182565832C3C101E005C982B /* HomeInfoVC.swift in Sources */ = {isa = PBXBuildFile; fileRef = 182565822C3C101E005C982B /* HomeInfoVC.swift */; };
		182565852C3C1022005C982B /* HomeInfoView.swift in Sources */ = {isa = PBXBuildFile; fileRef = 182565842C3C1022005C982B /* HomeInfoView.swift */; };
		182565872C3C24AB005C982B /* SofiaSans-Black.ttf in Resources */ = {isa = PBXBuildFile; fileRef = 182565862C3C24AB005C982B /* SofiaSans-Black.ttf */; };
		182565892C3C24B5005C982B /* SofiaSans-Regular.ttf in Resources */ = {isa = PBXBuildFile; fileRef = 182565882C3C24B5005C982B /* SofiaSans-Regular.ttf */; };
		1825658B2C3C24BF005C982B /* SofiaSans-Light.ttf in Resources */ = {isa = PBXBuildFile; fileRef = 1825658A2C3C24BF005C982B /* SofiaSans-Light.ttf */; };
		186D129E2C452289004B4AE1 /* CustomInnerShadow.swift in Sources */ = {isa = PBXBuildFile; fileRef = 186D129D2C452289004B4AE1 /* CustomInnerShadow.swift */; };
		18766D192C3D48BC00990A51 /* QuizOptionCell.swift in Sources */ = {isa = PBXBuildFile; fileRef = 18766D182C3D48BC00990A51 /* QuizOptionCell.swift */; };
		18766D1B2C3D534B00990A51 /* jsonData.json in Resources */ = {isa = PBXBuildFile; fileRef = 18766D1A2C3D534B00990A51 /* jsonData.json */; };
		18B958222C3FE91100376650 /* CustomAchiView.swift in Sources */ = {isa = PBXBuildFile; fileRef = 18B958212C3FE91100376650 /* CustomAchiView.swift */; };
		18D109592C41385F003CDB47 /* CustomRatingCell.swift in Sources */ = {isa = PBXBuildFile; fileRef = 18D109582C41385F003CDB47 /* CustomRatingCell.swift */; };
		18D1095B2C413B40003CDB47 /* RatingCell.swift in Sources */ = {isa = PBXBuildFile; fileRef = 18D1095A2C413B40003CDB47 /* RatingCell.swift */; };
		18D1095D2C413B79003CDB47 /* User.swift in Sources */ = {isa = PBXBuildFile; fileRef = 18D1095C2C413B79003CDB47 /* User.swift */; };
		18D109602C413F39003CDB47 /* AuthTokenService.swift in Sources */ = {isa = PBXBuildFile; fileRef = 18D1095F2C413F39003CDB47 /* AuthTokenService.swift */; };
		18D109622C413F45003CDB47 /* RatingService.swift in Sources */ = {isa = PBXBuildFile; fileRef = 18D109612C413F45003CDB47 /* RatingService.swift */; };
		18D109642C414049003CDB47 /* PostService.swift in Sources */ = {isa = PBXBuildFile; fileRef = 18D109632C414049003CDB47 /* PostService.swift */; };
		18D109662C414056003CDB47 /* CreateRequestPayload.swift in Sources */ = {isa = PBXBuildFile; fileRef = 18D109652C414056003CDB47 /* CreateRequestPayload.swift */; };
/* End PBXBuildFile section */

/* Begin PBXFileReference section */
		1803F5362C451961005B5FDE /* Settings.swift */ = {isa = PBXFileReference; lastKnownFileType = sourcecode.swift; path = Settings.swift; sourceTree = "<group>"; };
		180F455D2C38240800102D48 /* TabBar.swift */ = {isa = PBXFileReference; lastKnownFileType = sourcecode.swift; path = TabBar.swift; sourceTree = "<group>"; };
		180F455F2C38241000102D48 /* AboutUsVC.swift */ = {isa = PBXFileReference; lastKnownFileType = sourcecode.swift; path = AboutUsVC.swift; sourceTree = "<group>"; };
		180F45612C38241500102D48 /* AboutUsView.swift */ = {isa = PBXFileReference; lastKnownFileType = sourcecode.swift; path = AboutUsView.swift; sourceTree = "<group>"; };
		180F45632C38241B00102D48 /* RatingVC.swift */ = {isa = PBXFileReference; lastKnownFileType = sourcecode.swift; path = RatingVC.swift; sourceTree = "<group>"; };
		180F45652C38241F00102D48 /* RatingView.swift */ = {isa = PBXFileReference; lastKnownFileType = sourcecode.swift; path = RatingView.swift; sourceTree = "<group>"; };
		180F45672C38243C00102D48 /* HomeVC.swift */ = {isa = PBXFileReference; lastKnownFileType = sourcecode.swift; path = HomeVC.swift; sourceTree = "<group>"; };
		180F45692C38244000102D48 /* HomeView.swift */ = {isa = PBXFileReference; lastKnownFileType = sourcecode.swift; path = HomeView.swift; sourceTree = "<group>"; };
		180F456B2C38244D00102D48 /* BonusVC.swift */ = {isa = PBXFileReference; lastKnownFileType = sourcecode.swift; path = BonusVC.swift; sourceTree = "<group>"; };
		180F456D2C38245000102D48 /* BonusView.swift */ = {isa = PBXFileReference; lastKnownFileType = sourcecode.swift; path = BonusView.swift; sourceTree = "<group>"; };
		180F456F2C38245600102D48 /* ProfileVC.swift */ = {isa = PBXFileReference; lastKnownFileType = sourcecode.swift; path = ProfileVC.swift; sourceTree = "<group>"; };
		180F45712C38245B00102D48 /* ProfileView.swift */ = {isa = PBXFileReference; lastKnownFileType = sourcecode.swift; path = ProfileView.swift; sourceTree = "<group>"; };
		180F45732C3825D100102D48 /* JotiOne-Regular.ttf */ = {isa = PBXFileReference; lastKnownFileType = file; path = "JotiOne-Regular.ttf"; sourceTree = "<group>"; };
		180F45752C3825FA00102D48 /* Inter-Regular.ttf */ = {isa = PBXFileReference; lastKnownFileType = file; path = "Inter-Regular.ttf"; sourceTree = "<group>"; };
		180F45772C38260200102D48 /* Inter-Bold.ttf */ = {isa = PBXFileReference; lastKnownFileType = file; path = "Inter-Bold.ttf"; sourceTree = "<group>"; };
		180F457B2C3831D100102D48 /* HomeQuizVC.swift */ = {isa = PBXFileReference; lastKnownFileType = sourcecode.swift; path = HomeQuizVC.swift; sourceTree = "<group>"; };
		180F457D2C3831D500102D48 /* HomeQuizView.swift */ = {isa = PBXFileReference; lastKnownFileType = sourcecode.swift; path = HomeQuizView.swift; sourceTree = "<group>"; };
		180F457F2C3831F200102D48 /* TigerModel.swift */ = {isa = PBXFileReference; lastKnownFileType = sourcecode.swift; path = TigerModel.swift; sourceTree = "<group>"; };
		181173282C36E074009A90A2 /* stripedSecrets.app */ = {isa = PBXFileReference; explicitFileType = wrapper.application; includeInIndex = 0; path = stripedSecrets.app; sourceTree = BUILT_PRODUCTS_DIR; };
		1811732B2C36E074009A90A2 /* AppDelegate.swift */ = {isa = PBXFileReference; lastKnownFileType = sourcecode.swift; path = AppDelegate.swift; sourceTree = "<group>"; };
		1811732D2C36E074009A90A2 /* SceneDelegate.swift */ = {isa = PBXFileReference; lastKnownFileType = sourcecode.swift; path = SceneDelegate.swift; sourceTree = "<group>"; };
		181173342C36E076009A90A2 /* Assets.xcassets */ = {isa = PBXFileReference; lastKnownFileType = folder.assetcatalog; path = Assets.xcassets; sourceTree = "<group>"; };
		181173372C36E076009A90A2 /* Base */ = {isa = PBXFileReference; lastKnownFileType = file.storyboard; name = Base; path = Base.lproj/LaunchScreen.storyboard; sourceTree = "<group>"; };
		181173392C36E076009A90A2 /* Info.plist */ = {isa = PBXFileReference; lastKnownFileType = text.plist.xml; path = Info.plist; sourceTree = "<group>"; };
		1811734C2C36EDB0009A90A2 /* LoadingVC.swift */ = {isa = PBXFileReference; lastKnownFileType = sourcecode.swift; path = LoadingVC.swift; sourceTree = "<group>"; };
		181173502C36EE05009A90A2 /* Extension + View.swift */ = {isa = PBXFileReference; lastKnownFileType = sourcecode.swift; path = "Extension + View.swift"; sourceTree = "<group>"; };
		181173522C36EE0F009A90A2 /* Double + Extension.swift */ = {isa = PBXFileReference; lastKnownFileType = sourcecode.swift; path = "Double + Extension.swift"; sourceTree = "<group>"; };
		181173542C36EE18009A90A2 /* Font + Extension.swift */ = {isa = PBXFileReference; lastKnownFileType = sourcecode.swift; path = "Font + Extension.swift"; sourceTree = "<group>"; };
		181173562C36EE2E009A90A2 /* UserDef.swift */ = {isa = PBXFileReference; lastKnownFileType = sourcecode.swift; path = UserDef.swift; sourceTree = "<group>"; };
		181173582C36EE65009A90A2 /* LoadingScreen.swift */ = {isa = PBXFileReference; lastKnownFileType = sourcecode.swift; path = LoadingScreen.swift; sourceTree = "<group>"; };
		1811735A2C36EE76009A90A2 /* LoadingScreenViewModel.swift */ = {isa = PBXFileReference; lastKnownFileType = sourcecode.swift; path = LoadingScreenViewModel.swift; sourceTree = "<group>"; };
		1811735C2C36EE84009A90A2 /* ProgressBarView.swift */ = {isa = PBXFileReference; lastKnownFileType = sourcecode.swift; path = ProgressBarView.swift; sourceTree = "<group>"; };
		182565802C3C07B7005C982B /* HomeCell.swift */ = {isa = PBXFileReference; lastKnownFileType = sourcecode.swift; path = HomeCell.swift; sourceTree = "<group>"; };
		182565822C3C101E005C982B /* HomeInfoVC.swift */ = {isa = PBXFileReference; lastKnownFileType = sourcecode.swift; path = HomeInfoVC.swift; sourceTree = "<group>"; };
		182565842C3C1022005C982B /* HomeInfoView.swift */ = {isa = PBXFileReference; lastKnownFileType = sourcecode.swift; path = HomeInfoView.swift; sourceTree = "<group>"; };
		182565862C3C24AB005C982B /* SofiaSans-Black.ttf */ = {isa = PBXFileReference; lastKnownFileType = file; path = "SofiaSans-Black.ttf"; sourceTree = "<group>"; };
		182565882C3C24B5005C982B /* SofiaSans-Regular.ttf */ = {isa = PBXFileReference; lastKnownFileType = file; path = "SofiaSans-Regular.ttf"; sourceTree = "<group>"; };
		1825658A2C3C24BF005C982B /* SofiaSans-Light.ttf */ = {isa = PBXFileReference; lastKnownFileType = file; path = "SofiaSans-Light.ttf"; sourceTree = "<group>"; };
		186D129D2C452289004B4AE1 /* CustomInnerShadow.swift */ = {isa = PBXFileReference; lastKnownFileType = sourcecode.swift; path = CustomInnerShadow.swift; sourceTree = "<group>"; };
		18766D182C3D48BC00990A51 /* QuizOptionCell.swift */ = {isa = PBXFileReference; lastKnownFileType = sourcecode.swift; path = QuizOptionCell.swift; sourceTree = "<group>"; };
		18766D1A2C3D534B00990A51 /* jsonData.json */ = {isa = PBXFileReference; fileEncoding = 4; lastKnownFileType = text.json; path = jsonData.json; sourceTree = "<group>"; };
		18B958212C3FE91100376650 /* CustomAchiView.swift */ = {isa = PBXFileReference; lastKnownFileType = sourcecode.swift; path = CustomAchiView.swift; sourceTree = "<group>"; };
		18D109582C41385F003CDB47 /* CustomRatingCell.swift */ = {isa = PBXFileReference; lastKnownFileType = sourcecode.swift; path = CustomRatingCell.swift; sourceTree = "<group>"; };
		18D1095A2C413B40003CDB47 /* RatingCell.swift */ = {isa = PBXFileReference; lastKnownFileType = sourcecode.swift; path = RatingCell.swift; sourceTree = "<group>"; };
		18D1095C2C413B79003CDB47 /* User.swift */ = {isa = PBXFileReference; lastKnownFileType = sourcecode.swift; path = User.swift; sourceTree = "<group>"; };
		18D1095F2C413F39003CDB47 /* AuthTokenService.swift */ = {isa = PBXFileReference; lastKnownFileType = sourcecode.swift; path = AuthTokenService.swift; sourceTree = "<group>"; };
		18D109612C413F45003CDB47 /* RatingService.swift */ = {isa = PBXFileReference; lastKnownFileType = sourcecode.swift; path = RatingService.swift; sourceTree = "<group>"; };
		18D109632C414049003CDB47 /* PostService.swift */ = {isa = PBXFileReference; lastKnownFileType = sourcecode.swift; path = PostService.swift; sourceTree = "<group>"; };
		18D109652C414056003CDB47 /* CreateRequestPayload.swift */ = {isa = PBXFileReference; lastKnownFileType = sourcecode.swift; path = CreateRequestPayload.swift; sourceTree = "<group>"; };
/* End PBXFileReference section */

/* Begin PBXFrameworksBuildPhase section */
		181173252C36E074009A90A2 /* Frameworks */ = {
			isa = PBXFrameworksBuildPhase;
			buildActionMask = 2147483647;
			files = (
				1811734B2C36ED3C009A90A2 /* SnapKit in Frameworks */,
			);
			runOnlyForDeploymentPostprocessing = 0;
		};
/* End PBXFrameworksBuildPhase section */

/* Begin PBXGroup section */
		1803F5352C451952005B5FDE /* Settings */ = {
			isa = PBXGroup;
			children = (
				1803F5362C451961005B5FDE /* Settings.swift */,
			);
			name = Settings;
			sourceTree = "<group>";
		};
		180F455B2C3823EB00102D48 /* Rating */ = {
			isa = PBXGroup;
			children = (
				180F45632C38241B00102D48 /* RatingVC.swift */,
				180F45652C38241F00102D48 /* RatingView.swift */,
				18D1095A2C413B40003CDB47 /* RatingCell.swift */,
				18D1095C2C413B79003CDB47 /* User.swift */,
				18D109582C41385F003CDB47 /* CustomRatingCell.swift */,
			);
			path = Rating;
			sourceTree = "<group>";
		};
		180F455C2C3823F600102D48 /* AboutUs */ = {
			isa = PBXGroup;
			children = (
				180F455F2C38241000102D48 /* AboutUsVC.swift */,
				180F45612C38241500102D48 /* AboutUsView.swift */,
			);
			path = AboutUs;
			sourceTree = "<group>";
		};
		180F45792C3831B200102D48 /* HomeInfo */ = {
			isa = PBXGroup;
			children = (
				182565822C3C101E005C982B /* HomeInfoVC.swift */,
				182565842C3C1022005C982B /* HomeInfoView.swift */,
			);
			path = HomeInfo;
			sourceTree = "<group>";
		};
		180F457A2C3831BD00102D48 /* HomeQuiz */ = {
			isa = PBXGroup;
			children = (
				180F457B2C3831D100102D48 /* HomeQuizVC.swift */,
				180F457D2C3831D500102D48 /* HomeQuizView.swift */,
				18766D182C3D48BC00990A51 /* QuizOptionCell.swift */,
				18766D1A2C3D534B00990A51 /* jsonData.json */,
				180F457F2C3831F200102D48 /* TigerModel.swift */,
			);
			path = HomeQuiz;
			sourceTree = "<group>";
		};
		1811731F2C36E074009A90A2 = {
			isa = PBXGroup;
			children = (
				1811732A2C36E074009A90A2 /* stripedSecrets */,
				181173292C36E074009A90A2 /* Products */,
			);
			sourceTree = "<group>";
		};
		181173292C36E074009A90A2 /* Products */ = {
			isa = PBXGroup;
			children = (
				181173282C36E074009A90A2 /* stripedSecrets.app */,
			);
			name = Products;
			sourceTree = "<group>";
		};
		1811732A2C36E074009A90A2 /* stripedSecrets */ = {
			isa = PBXGroup;
			children = (
				1811733F2C36E080009A90A2 /* App */,
				181173392C36E076009A90A2 /* Info.plist */,
			);
			path = stripedSecrets;
			sourceTree = "<group>";
		};
		1811733F2C36E080009A90A2 /* App */ = {
			isa = PBXGroup;
			children = (
				181173362C36E076009A90A2 /* LaunchScreen.storyboard */,
				1811732D2C36E074009A90A2 /* SceneDelegate.swift */,
				1811732B2C36E074009A90A2 /* AppDelegate.swift */,
				181173402C36E084009A90A2 /* Flow */,
			);
			path = App;
			sourceTree = "<group>";
		};
		181173402C36E084009A90A2 /* Flow */ = {
			isa = PBXGroup;
			children = (
				181173442C36E0B8009A90A2 /* Loading */,
				181173452C36E0BF009A90A2 /* TabBar */,
				181173432C36E0AA009A90A2 /* Helpers */,
				181173412C36E096009A90A2 /* Reourse */,
			);
			path = Flow;
			sourceTree = "<group>";
		};
		181173412C36E096009A90A2 /* Reourse */ = {
			isa = PBXGroup;
			children = (
				181173422C36E09F009A90A2 /* UIFont */,
				181173342C36E076009A90A2 /* Assets.xcassets */,
			);
			path = Reourse;
			sourceTree = "<group>";
		};
		181173422C36E09F009A90A2 /* UIFont */ = {
			isa = PBXGroup;
			children = (
				1825658A2C3C24BF005C982B /* SofiaSans-Light.ttf */,
				182565862C3C24AB005C982B /* SofiaSans-Black.ttf */,
				182565882C3C24B5005C982B /* SofiaSans-Regular.ttf */,
				180F45772C38260200102D48 /* Inter-Bold.ttf */,
				180F45752C3825FA00102D48 /* Inter-Regular.ttf */,
				180F45732C3825D100102D48 /* JotiOne-Regular.ttf */,
			);
			name = UIFont;
			sourceTree = "<group>";
		};
		181173432C36E0AA009A90A2 /* Helpers */ = {
			isa = PBXGroup;
			children = (
				1803F5352C451952005B5FDE /* Settings */,
				18D1095E2C413F21003CDB47 /* BackEnd */,
				181173502C36EE05009A90A2 /* Extension + View.swift */,
				181173522C36EE0F009A90A2 /* Double + Extension.swift */,
				181173542C36EE18009A90A2 /* Font + Extension.swift */,
				181173562C36EE2E009A90A2 /* UserDef.swift */,
			);
			name = Helpers;
			sourceTree = "<group>";
		};
		181173442C36E0B8009A90A2 /* Loading */ = {
			isa = PBXGroup;
			children = (
				1811734C2C36EDB0009A90A2 /* LoadingVC.swift */,
				181173582C36EE65009A90A2 /* LoadingScreen.swift */,
				1811735A2C36EE76009A90A2 /* LoadingScreenViewModel.swift */,
				1811735C2C36EE84009A90A2 /* ProgressBarView.swift */,
				186D129D2C452289004B4AE1 /* CustomInnerShadow.swift */,
			);
			path = Loading;
			sourceTree = "<group>";
		};
		181173452C36E0BF009A90A2 /* TabBar */ = {
			isa = PBXGroup;
			children = (
				180F455D2C38240800102D48 /* TabBar.swift */,
				180F455C2C3823F600102D48 /* AboutUs */,
				180F455B2C3823EB00102D48 /* Rating */,
				181173482C36E0D3009A90A2 /* Home */,
				181173472C36E0CE009A90A2 /* Bonus */,
				181173462C36E0C7009A90A2 /* Profile */,
			);
			path = TabBar;
			sourceTree = "<group>";
		};
		181173462C36E0C7009A90A2 /* Profile */ = {
			isa = PBXGroup;
			children = (
				180F456F2C38245600102D48 /* ProfileVC.swift */,
				180F45712C38245B00102D48 /* ProfileView.swift */,
				18B958212C3FE91100376650 /* CustomAchiView.swift */,
			);
			path = Profile;
			sourceTree = "<group>";
		};
		181173472C36E0CE009A90A2 /* Bonus */ = {
			isa = PBXGroup;
			children = (
				180F456B2C38244D00102D48 /* BonusVC.swift */,
				180F456D2C38245000102D48 /* BonusView.swift */,
			);
			path = Bonus;
			sourceTree = "<group>";
		};
		181173482C36E0D3009A90A2 /* Home */ = {
			isa = PBXGroup;
			children = (
				180F45672C38243C00102D48 /* HomeVC.swift */,
				180F45692C38244000102D48 /* HomeView.swift */,
				182565802C3C07B7005C982B /* HomeCell.swift */,
				180F45792C3831B200102D48 /* HomeInfo */,
				180F457A2C3831BD00102D48 /* HomeQuiz */,
			);
			path = Home;
			sourceTree = "<group>";
		};
		18D1095E2C413F21003CDB47 /* BackEnd */ = {
			isa = PBXGroup;
			children = (
				18D1095F2C413F39003CDB47 /* AuthTokenService.swift */,
				18D109612C413F45003CDB47 /* RatingService.swift */,
				18D109632C414049003CDB47 /* PostService.swift */,
				18D109652C414056003CDB47 /* CreateRequestPayload.swift */,
			);
			name = BackEnd;
			sourceTree = "<group>";
		};
/* End PBXGroup section */

/* Begin PBXNativeTarget section */
		181173272C36E074009A90A2 /* stripedSecrets */ = {
			isa = PBXNativeTarget;
			buildConfigurationList = 1811733C2C36E076009A90A2 /* Build configuration list for PBXNativeTarget "stripedSecrets" */;
			buildPhases = (
				181173242C36E074009A90A2 /* Sources */,
				181173252C36E074009A90A2 /* Frameworks */,
				181173262C36E074009A90A2 /* Resources */,
			);
			buildRules = (
			);
			dependencies = (
			);
			name = stripedSecrets;
			packageProductDependencies = (
				1811734A2C36ED3C009A90A2 /* SnapKit */,
			);
			productName = stripedSecrets;
			productReference = 181173282C36E074009A90A2 /* stripedSecrets.app */;
			productType = "com.apple.product-type.application";
		};
/* End PBXNativeTarget section */

/* Begin PBXProject section */
		181173202C36E074009A90A2 /* Project object */ = {
			isa = PBXProject;
			attributes = {
				BuildIndependentTargetsInParallel = 1;
				LastSwiftUpdateCheck = 1530;
				LastUpgradeCheck = 1530;
				TargetAttributes = {
					181173272C36E074009A90A2 = {
						CreatedOnToolsVersion = 15.3;
					};
				};
			};
			buildConfigurationList = 181173232C36E074009A90A2 /* Build configuration list for PBXProject "stripedSecrets" */;
			compatibilityVersion = "Xcode 14.0";
			developmentRegion = en;
			hasScannedForEncodings = 0;
			knownRegions = (
				en,
				Base,
			);
			mainGroup = 1811731F2C36E074009A90A2;
			packageReferences = (
				181173492C36ED3C009A90A2 /* XCRemoteSwiftPackageReference "SnapKit" */,
			);
			productRefGroup = 181173292C36E074009A90A2 /* Products */;
			projectDirPath = "";
			projectRoot = "";
			targets = (
				181173272C36E074009A90A2 /* stripedSecrets */,
			);
		};
/* End PBXProject section */

/* Begin PBXResourcesBuildPhase section */
		181173262C36E074009A90A2 /* Resources */ = {
			isa = PBXResourcesBuildPhase;
			buildActionMask = 2147483647;
			files = (
				180F45742C3825D100102D48 /* JotiOne-Regular.ttf in Resources */,
				182565892C3C24B5005C982B /* SofiaSans-Regular.ttf in Resources */,
				18766D1B2C3D534B00990A51 /* jsonData.json in Resources */,
				180F45782C38260200102D48 /* Inter-Bold.ttf in Resources */,
				1825658B2C3C24BF005C982B /* SofiaSans-Light.ttf in Resources */,
				181173352C36E076009A90A2 /* Assets.xcassets in Resources */,
				180F45762C3825FA00102D48 /* Inter-Regular.ttf in Resources */,
				182565872C3C24AB005C982B /* SofiaSans-Black.ttf in Resources */,
				181173382C36E076009A90A2 /* Base in Resources */,
			);
			runOnlyForDeploymentPostprocessing = 0;
		};
/* End PBXResourcesBuildPhase section */

/* Begin PBXSourcesBuildPhase section */
		181173242C36E074009A90A2 /* Sources */ = {
			isa = PBXSourcesBuildPhase;
			buildActionMask = 2147483647;
			files = (
				180F45702C38245600102D48 /* ProfileVC.swift in Sources */,
				181173532C36EE0F009A90A2 /* Double + Extension.swift in Sources */,
				182565832C3C101E005C982B /* HomeInfoVC.swift in Sources */,
				180F456E2C38245000102D48 /* BonusView.swift in Sources */,
				18D109622C413F45003CDB47 /* RatingService.swift in Sources */,
				18D1095D2C413B79003CDB47 /* User.swift in Sources */,
				181173512C36EE05009A90A2 /* Extension + View.swift in Sources */,
				180F456C2C38244D00102D48 /* BonusVC.swift in Sources */,
				182565812C3C07B7005C982B /* HomeCell.swift in Sources */,
				18D1095B2C413B40003CDB47 /* RatingCell.swift in Sources */,
				180F457E2C3831D500102D48 /* HomeQuizView.swift in Sources */,
				182565852C3C1022005C982B /* HomeInfoView.swift in Sources */,
				1811732C2C36E074009A90A2 /* AppDelegate.swift in Sources */,
				180F45802C3831F200102D48 /* TigerModel.swift in Sources */,
				180F45662C38241F00102D48 /* RatingView.swift in Sources */,
				1811732E2C36E074009A90A2 /* SceneDelegate.swift in Sources */,
				18D109662C414056003CDB47 /* CreateRequestPayload.swift in Sources */,
				1803F5372C451961005B5FDE /* Settings.swift in Sources */,
				18D109602C413F39003CDB47 /* AuthTokenService.swift in Sources */,
				18B958222C3FE91100376650 /* CustomAchiView.swift in Sources */,
				180F456A2C38244000102D48 /* HomeView.swift in Sources */,
				181173592C36EE65009A90A2 /* LoadingScreen.swift in Sources */,
				181173552C36EE18009A90A2 /* Font + Extension.swift in Sources */,
				186D129E2C452289004B4AE1 /* CustomInnerShadow.swift in Sources */,
				1811734D2C36EDB0009A90A2 /* LoadingVC.swift in Sources */,
				181173572C36EE2E009A90A2 /* UserDef.swift in Sources */,
				180F45682C38243C00102D48 /* HomeVC.swift in Sources */,
				180F455E2C38240800102D48 /* TabBar.swift in Sources */,
				1811735B2C36EE76009A90A2 /* LoadingScreenViewModel.swift in Sources */,
				180F45602C38241000102D48 /* AboutUsVC.swift in Sources */,
				180F45642C38241B00102D48 /* RatingVC.swift in Sources */,
				180F45622C38241500102D48 /* AboutUsView.swift in Sources */,
				18766D192C3D48BC00990A51 /* QuizOptionCell.swift in Sources */,
				18D109642C414049003CDB47 /* PostService.swift in Sources */,
				180F45722C38245B00102D48 /* ProfileView.swift in Sources */,
				180F457C2C3831D100102D48 /* HomeQuizVC.swift in Sources */,
				1811735D2C36EE84009A90A2 /* ProgressBarView.swift in Sources */,
				18D109592C41385F003CDB47 /* CustomRatingCell.swift in Sources */,
			);
			runOnlyForDeploymentPostprocessing = 0;
		};
/* End PBXSourcesBuildPhase section */

/* Begin PBXVariantGroup section */
		181173362C36E076009A90A2 /* LaunchScreen.storyboard */ = {
			isa = PBXVariantGroup;
			children = (
				181173372C36E076009A90A2 /* Base */,
			);
			name = LaunchScreen.storyboard;
			sourceTree = "<group>";
		};
/* End PBXVariantGroup section */

/* Begin XCBuildConfiguration section */
		1811733A2C36E076009A90A2 /* Debug */ = {
			isa = XCBuildConfiguration;
			buildSettings = {
				ALWAYS_SEARCH_USER_PATHS = NO;
				ASSETCATALOG_COMPILER_GENERATE_SWIFT_ASSET_SYMBOL_EXTENSIONS = YES;
				CLANG_ANALYZER_NONNULL = YES;
				CLANG_ANALYZER_NUMBER_OBJECT_CONVERSION = YES_AGGRESSIVE;
				CLANG_CXX_LANGUAGE_STANDARD = "gnu++20";
				CLANG_ENABLE_MODULES = YES;
				CLANG_ENABLE_OBJC_ARC = YES;
				CLANG_ENABLE_OBJC_WEAK = YES;
				CLANG_WARN_BLOCK_CAPTURE_AUTORELEASING = YES;
				CLANG_WARN_BOOL_CONVERSION = YES;
				CLANG_WARN_COMMA = YES;
				CLANG_WARN_CONSTANT_CONVERSION = YES;
				CLANG_WARN_DEPRECATED_OBJC_IMPLEMENTATIONS = YES;
				CLANG_WARN_DIRECT_OBJC_ISA_USAGE = YES_ERROR;
				CLANG_WARN_DOCUMENTATION_COMMENTS = YES;
				CLANG_WARN_EMPTY_BODY = YES;
				CLANG_WARN_ENUM_CONVERSION = YES;
				CLANG_WARN_INFINITE_RECURSION = YES;
				CLANG_WARN_INT_CONVERSION = YES;
				CLANG_WARN_NON_LITERAL_NULL_CONVERSION = YES;
				CLANG_WARN_OBJC_IMPLICIT_RETAIN_SELF = YES;
				CLANG_WARN_OBJC_LITERAL_CONVERSION = YES;
				CLANG_WARN_OBJC_ROOT_CLASS = YES_ERROR;
				CLANG_WARN_QUOTED_INCLUDE_IN_FRAMEWORK_HEADER = YES;
				CLANG_WARN_RANGE_LOOP_ANALYSIS = YES;
				CLANG_WARN_STRICT_PROTOTYPES = YES;
				CLANG_WARN_SUSPICIOUS_MOVE = YES;
				CLANG_WARN_UNGUARDED_AVAILABILITY = YES_AGGRESSIVE;
				CLANG_WARN_UNREACHABLE_CODE = YES;
				CLANG_WARN__DUPLICATE_METHOD_MATCH = YES;
				COPY_PHASE_STRIP = NO;
				DEBUG_INFORMATION_FORMAT = dwarf;
				ENABLE_STRICT_OBJC_MSGSEND = YES;
				ENABLE_TESTABILITY = YES;
				ENABLE_USER_SCRIPT_SANDBOXING = YES;
				GCC_C_LANGUAGE_STANDARD = gnu17;
				GCC_DYNAMIC_NO_PIC = NO;
				GCC_NO_COMMON_BLOCKS = YES;
				GCC_OPTIMIZATION_LEVEL = 0;
				GCC_PREPROCESSOR_DEFINITIONS = (
					"DEBUG=1",
					"$(inherited)",
				);
				GCC_WARN_64_TO_32_BIT_CONVERSION = YES;
				GCC_WARN_ABOUT_RETURN_TYPE = YES_ERROR;
				GCC_WARN_UNDECLARED_SELECTOR = YES;
				GCC_WARN_UNINITIALIZED_AUTOS = YES_AGGRESSIVE;
				GCC_WARN_UNUSED_FUNCTION = YES;
				GCC_WARN_UNUSED_VARIABLE = YES;
				IPHONEOS_DEPLOYMENT_TARGET = 15.0;
				LOCALIZATION_PREFERS_STRING_CATALOGS = YES;
				MTL_ENABLE_DEBUG_INFO = INCLUDE_SOURCE;
				MTL_FAST_MATH = YES;
				ONLY_ACTIVE_ARCH = YES;
				SDKROOT = iphoneos;
				SWIFT_ACTIVE_COMPILATION_CONDITIONS = "DEBUG $(inherited)";
				SWIFT_OPTIMIZATION_LEVEL = "-Onone";
			};
			name = Debug;
		};
		1811733B2C36E076009A90A2 /* Release */ = {
			isa = XCBuildConfiguration;
			buildSettings = {
				ALWAYS_SEARCH_USER_PATHS = NO;
				ASSETCATALOG_COMPILER_GENERATE_SWIFT_ASSET_SYMBOL_EXTENSIONS = YES;
				CLANG_ANALYZER_NONNULL = YES;
				CLANG_ANALYZER_NUMBER_OBJECT_CONVERSION = YES_AGGRESSIVE;
				CLANG_CXX_LANGUAGE_STANDARD = "gnu++20";
				CLANG_ENABLE_MODULES = YES;
				CLANG_ENABLE_OBJC_ARC = YES;
				CLANG_ENABLE_OBJC_WEAK = YES;
				CLANG_WARN_BLOCK_CAPTURE_AUTORELEASING = YES;
				CLANG_WARN_BOOL_CONVERSION = YES;
				CLANG_WARN_COMMA = YES;
				CLANG_WARN_CONSTANT_CONVERSION = YES;
				CLANG_WARN_DEPRECATED_OBJC_IMPLEMENTATIONS = YES;
				CLANG_WARN_DIRECT_OBJC_ISA_USAGE = YES_ERROR;
				CLANG_WARN_DOCUMENTATION_COMMENTS = YES;
				CLANG_WARN_EMPTY_BODY = YES;
				CLANG_WARN_ENUM_CONVERSION = YES;
				CLANG_WARN_INFINITE_RECURSION = YES;
				CLANG_WARN_INT_CONVERSION = YES;
				CLANG_WARN_NON_LITERAL_NULL_CONVERSION = YES;
				CLANG_WARN_OBJC_IMPLICIT_RETAIN_SELF = YES;
				CLANG_WARN_OBJC_LITERAL_CONVERSION = YES;
				CLANG_WARN_OBJC_ROOT_CLASS = YES_ERROR;
				CLANG_WARN_QUOTED_INCLUDE_IN_FRAMEWORK_HEADER = YES;
				CLANG_WARN_RANGE_LOOP_ANALYSIS = YES;
				CLANG_WARN_STRICT_PROTOTYPES = YES;
				CLANG_WARN_SUSPICIOUS_MOVE = YES;
				CLANG_WARN_UNGUARDED_AVAILABILITY = YES_AGGRESSIVE;
				CLANG_WARN_UNREACHABLE_CODE = YES;
				CLANG_WARN__DUPLICATE_METHOD_MATCH = YES;
				COPY_PHASE_STRIP = NO;
				DEBUG_INFORMATION_FORMAT = "dwarf-with-dsym";
				ENABLE_NS_ASSERTIONS = NO;
				ENABLE_STRICT_OBJC_MSGSEND = YES;
				ENABLE_USER_SCRIPT_SANDBOXING = YES;
				GCC_C_LANGUAGE_STANDARD = gnu17;
				GCC_NO_COMMON_BLOCKS = YES;
				GCC_WARN_64_TO_32_BIT_CONVERSION = YES;
				GCC_WARN_ABOUT_RETURN_TYPE = YES_ERROR;
				GCC_WARN_UNDECLARED_SELECTOR = YES;
				GCC_WARN_UNINITIALIZED_AUTOS = YES_AGGRESSIVE;
				GCC_WARN_UNUSED_FUNCTION = YES;
				GCC_WARN_UNUSED_VARIABLE = YES;
				IPHONEOS_DEPLOYMENT_TARGET = 15.0;
				LOCALIZATION_PREFERS_STRING_CATALOGS = YES;
				MTL_ENABLE_DEBUG_INFO = NO;
				MTL_FAST_MATH = YES;
				SDKROOT = iphoneos;
				SWIFT_COMPILATION_MODE = wholemodule;
				VALIDATE_PRODUCT = YES;
			};
			name = Release;
		};
		1811733D2C36E076009A90A2 /* Debug */ = {
			isa = XCBuildConfiguration;
			buildSettings = {
				ASSETCATALOG_COMPILER_APPICON_NAME = AppIcon;
				ASSETCATALOG_COMPILER_GLOBAL_ACCENT_COLOR_NAME = AccentColor;
				CODE_SIGN_STYLE = Automatic;
				CURRENT_PROJECT_VERSION = 1;
				GENERATE_INFOPLIST_FILE = YES;
				INFOPLIST_FILE = stripedSecrets/Info.plist;
				INFOPLIST_KEY_NSCameraUsageDescription = "This app needs a camera so that the user can take profile pictures";
				INFOPLIST_KEY_NSPhotoLibraryUsageDescription = "This app requires a camera so that the user can take a profile photo from the library";
				INFOPLIST_KEY_UIApplicationSupportsIndirectInputEvents = YES;
				INFOPLIST_KEY_UILaunchStoryboardName = LaunchScreen;
				INFOPLIST_KEY_UISupportedInterfaceOrientations_iPad = "UIInterfaceOrientationPortrait UIInterfaceOrientationPortraitUpsideDown UIInterfaceOrientationLandscapeLeft UIInterfaceOrientationLandscapeRight";
				INFOPLIST_KEY_UISupportedInterfaceOrientations_iPhone = "UIInterfaceOrientationPortrait UIInterfaceOrientationLandscapeLeft UIInterfaceOrientationLandscapeRight";
				IPHONEOS_DEPLOYMENT_TARGET = 15.0;
				LD_RUNPATH_SEARCH_PATHS = (
					"$(inherited)",
					"@executable_path/Frameworks",
				);
				MARKETING_VERSION = 1.0;
				PRODUCT_BUNDLE_IDENTIFIER = tsarevichD.stripedSecrets;
				PRODUCT_NAME = "$(TARGET_NAME)";
				SUPPORTED_PLATFORMS = "iphoneos iphonesimulator";
				SUPPORTS_MACCATALYST = NO;
				SUPPORTS_XR_DESIGNED_FOR_IPHONE_IPAD = NO;
				SWIFT_EMIT_LOC_STRINGS = YES;
				SWIFT_VERSION = 5.0;
				TARGETED_DEVICE_FAMILY = 1;
			};
			name = Debug;
		};
		1811733E2C36E076009A90A2 /* Release */ = {
			isa = XCBuildConfiguration;
			buildSettings = {
				ASSETCATALOG_COMPILER_APPICON_NAME = AppIcon;
				ASSETCATALOG_COMPILER_GLOBAL_ACCENT_COLOR_NAME = AccentColor;
				CODE_SIGN_STYLE = Automatic;
				CURRENT_PROJECT_VERSION = 1;
				GENERATE_INFOPLIST_FILE = YES;
				INFOPLIST_FILE = stripedSecrets/Info.plist;
				INFOPLIST_KEY_NSCameraUsageDescription = "This app needs a camera so that the user can take profile pictures";
				INFOPLIST_KEY_NSPhotoLibraryUsageDescription = "This app requires a camera so that the user can take a profile photo from the library";
				INFOPLIST_KEY_UIApplicationSupportsIndirectInputEvents = YES;
				INFOPLIST_KEY_UILaunchStoryboardName = LaunchScreen;
				INFOPLIST_KEY_UISupportedInterfaceOrientations_iPad = "UIInterfaceOrientationPortrait UIInterfaceOrientationPortraitUpsideDown UIInterfaceOrientationLandscapeLeft UIInterfaceOrientationLandscapeRight";
				INFOPLIST_KEY_UISupportedInterfaceOrientations_iPhone = "UIInterfaceOrientationPortrait UIInterfaceOrientationLandscapeLeft UIInterfaceOrientationLandscapeRight";
				IPHONEOS_DEPLOYMENT_TARGET = 15.0;
				LD_RUNPATH_SEARCH_PATHS = (
					"$(inherited)",
					"@executable_path/Frameworks",
				);
				MARKETING_VERSION = 1.0;
				PRODUCT_BUNDLE_IDENTIFIER = tsarevichD.stripedSecrets;
				PRODUCT_NAME = "$(TARGET_NAME)";
				SUPPORTED_PLATFORMS = "iphoneos iphonesimulator";
				SUPPORTS_MACCATALYST = NO;
				SUPPORTS_XR_DESIGNED_FOR_IPHONE_IPAD = NO;
				SWIFT_EMIT_LOC_STRINGS = YES;
				SWIFT_VERSION = 5.0;
				TARGETED_DEVICE_FAMILY = 1;
			};
			name = Release;
		};
/* End XCBuildConfiguration section */

/* Begin XCConfigurationList section */
		181173232C36E074009A90A2 /* Build configuration list for PBXProject "stripedSecrets" */ = {
			isa = XCConfigurationList;
			buildConfigurations = (
				1811733A2C36E076009A90A2 /* Debug */,
				1811733B2C36E076009A90A2 /* Release */,
			);
			defaultConfigurationIsVisible = 0;
			defaultConfigurationName = Release;
		};
		1811733C2C36E076009A90A2 /* Build configuration list for PBXNativeTarget "stripedSecrets" */ = {
			isa = XCConfigurationList;
			buildConfigurations = (
				1811733D2C36E076009A90A2 /* Debug */,
				1811733E2C36E076009A90A2 /* Release */,
			);
			defaultConfigurationIsVisible = 0;
			defaultConfigurationName = Release;
		};
/* End XCConfigurationList section */

/* Begin XCRemoteSwiftPackageReference section */
		181173492C36ED3C009A90A2 /* XCRemoteSwiftPackageReference "SnapKit" */ = {
			isa = XCRemoteSwiftPackageReference;
			repositoryURL = "https://github.com/SnapKit/SnapKit";
			requirement = {
				kind = upToNextMajorVersion;
				minimumVersion = 5.7.1;
			};
		};
/* End XCRemoteSwiftPackageReference section */

/* Begin XCSwiftPackageProductDependency section */
		1811734A2C36ED3C009A90A2 /* SnapKit */ = {
			isa = XCSwiftPackageProductDependency;
			package = 181173492C36ED3C009A90A2 /* XCRemoteSwiftPackageReference "SnapKit" */;
			productName = SnapKit;
		};
/* End XCSwiftPackageProductDependency section */
	};
	rootObject = 181173202C36E074009A90A2 /* Project object */;
}
